
Microsoft Visual Studio Solution File, Format Version 12.00
# Visual Studio 2012
Project("{8BC9CEB8-8B4A-11D0-8D11-00A0C91BC942}") = "OSiSP", "OSiSP\OSiSP.vcxproj", "{49A60852-E66D-494C-8077-F8B0CF6A3AB8}"
EndProject
Global
	GlobalSection(SolutionConfigurationPlatforms) = preSolution
		as_cmd|Win32 = as_cmd|Win32
		Debug|Win32 = Debug|Win32
		Release|Win32 = Release|Win32
	EndGlobalSection
	GlobalSection(ProjectConfigurationPlatforms) = postSolution
		{49A60852-E66D-494C-8077-F8B0CF6A3AB8}.as_cmd|Win32.ActiveCfg = as_cmd|Win32
		{49A60852-E66D-494C-8077-F8B0CF6A3AB8}.as_cmd|Win32.Build.0 = as_cmd|Win32
		{49A60852-E66D-494C-8077-F8B0CF6A3AB8}.as_cmd|Win32.Deploy.0 = as_cmd|Win32
		{49A60852-E66D-494C-8077-F8B0CF6A3AB8}.Debug|Win32.ActiveCfg = Debug|Win32
		{49A60852-E66D-494C-8077-F8B0CF6A3AB8}.Debug|Win32.Build.0 = Debug|Win32
		{49A60852-E66D-494C-8077-F8B0CF6A3AB8}.Release|Win32.ActiveCfg = Release|Win32
		{49A60852-E66D-494C-8077-F8B0CF6A3AB8}.Release|Win32.Build.0 = Release|Win32
	EndGlobalSection
	GlobalSection(SolutionProperties) = preSolution
		HideSolutionNode = FALSE
	EndGlobalSection
EndGlobal
